
Microsoft Visual Studio Solution File, Format Version 12.00
# Visual Studio Version 16
VisualStudioVersion = 16.0.31605.320
MinimumVisualStudioVersion = 10.0.40219.1
Project("{FAE04EC0-301F-11D3-BF4B-00C04F79EFBC}") = "Insight_Test", "Insight_Test\Insight_Test.csproj", "{1C83FCF7-238D-430E-98C2-CD746774EAF6}"
EndProject
Global
	GlobalSection(SolutionConfigurationPlatforms) = preSolution
		Debug|Any CPU = Debug|Any CPU
		Release|Any CPU = Release|Any CPU
	EndGlobalSection
	GlobalSection(ProjectConfigurationPlatforms) = postSolution
		{1C83FCF7-238D-430E-98C2-CD746774EAF6}.Debug|Any CPU.ActiveCfg = Debug|Any CPU
		{1C83FCF7-238D-430E-98C2-CD746774EAF6}.Debug|Any CPU.Build.0 = Debug|Any CPU
		{1C83FCF7-238D-430E-98C2-CD746774EAF6}.Release|Any CPU.ActiveCfg = Release|Any CPU
		{1C83FCF7-238D-430E-98C2-CD746774EAF6}.Release|Any CPU.Build.0 = Release|Any CPU
	EndGlobalSection
	GlobalSection(SolutionProperties) = preSolution
		HideSolutionNode = FALSE
	EndGlobalSection
	GlobalSection(ExtensibilityGlobals) = postSolution
		SolutionGuid = {EA3F6456-CC2B-4DEC-8910-2FA9AED3964C}
	EndGlobalSection
EndGlobal
